// !$*UTF8*$!
{
	archiveVersion = 1;
	classes = {
	};
	objectVersion = 50;
	objects = {

/* Begin PBXBuildFile section */
		8CBE28324837C172579739E8 /* Pods_spyfall.framework in Frameworks */ = {isa = PBXBuildFile; fileRef = 98DED611AE68AC0D90185B6E /* Pods_spyfall.framework */; };
		D7030EDC22B9D0CC002CB9B2 /* NewGameView.swift in Sources */ = {isa = PBXBuildFile; fileRef = D7030EDB22B9D0CC002CB9B2 /* NewGameView.swift */; };
		D7030EDE22B9D965002CB9B2 /* JoinGameView.swift in Sources */ = {isa = PBXBuildFile; fileRef = D7030EDD22B9D965002CB9B2 /* JoinGameView.swift */; };
		D7030EE022BA85D8002CB9B2 /* NetworkManager.swift in Sources */ = {isa = PBXBuildFile; fileRef = D7030EDF22BA85D8002CB9B2 /* NetworkManager.swift */; };
		D706256222586D3800A80B76 /* AppDelegate.swift in Sources */ = {isa = PBXBuildFile; fileRef = D706256122586D3800A80B76 /* AppDelegate.swift */; };
		D706256922586D3900A80B76 /* Assets.xcassets in Resources */ = {isa = PBXBuildFile; fileRef = D706256822586D3900A80B76 /* Assets.xcassets */; };
		D706256C22586D3900A80B76 /* LaunchScreen.storyboard in Resources */ = {isa = PBXBuildFile; fileRef = D706256A22586D3900A80B76 /* LaunchScreen.storyboard */; };
		D706257422586D4F00A80B76 /* Main.storyboard in Resources */ = {isa = PBXBuildFile; fileRef = D706257322586D4F00A80B76 /* Main.storyboard */; };
		D706257822586DBC00A80B76 /* HomeController.swift in Sources */ = {isa = PBXBuildFile; fileRef = D706257722586DBC00A80B76 /* HomeController.swift */; };
		D706257B225B87E600A80B76 /* NewGameController.swift in Sources */ = {isa = PBXBuildFile; fileRef = D706257A225B87E600A80B76 /* NewGameController.swift */; };
		D726325F228CD60900E385E8 /* JoinGameController.swift in Sources */ = {isa = PBXBuildFile; fileRef = D726325E228CD60900E385E8 /* JoinGameController.swift */; };
		D7798B0F22B86766006D7615 /* CreateAlertController.swift in Sources */ = {isa = PBXBuildFile; fileRef = D7798B0E22B86766006D7615 /* CreateAlertController.swift */; };
		D7798B1222B8684E006D7615 /* UIColor.swift in Sources */ = {isa = PBXBuildFile; fileRef = D7798B1122B8684E006D7615 /* UIColor.swift */; };
		D7798B1522B8694F006D7615 /* Constraints.swift in Sources */ = {isa = PBXBuildFile; fileRef = D7798B1422B8694F006D7615 /* Constraints.swift */; };
		D7798B1822B869AC006D7615 /* UIElementSizes.swift in Sources */ = {isa = PBXBuildFile; fileRef = D7798B1722B869AC006D7615 /* UIElementSizes.swift */; };
		D7798B1A22B86A43006D7615 /* HomeView.swift in Sources */ = {isa = PBXBuildFile; fileRef = D7798B1922B86A43006D7615 /* HomeView.swift */; };
		D7798B1C22B86E03006D7615 /* UIElementsManager.swift in Sources */ = {isa = PBXBuildFile; fileRef = D7798B1B22B86E03006D7615 /* UIElementsManager.swift */; };
		D7F9C6BA22654A7400163179 /* CheckBox.swift in Sources */ = {isa = PBXBuildFile; fileRef = D7F9C6B922654A7400163179 /* CheckBox.swift */; };
		D7FC262C225BD891009EA32D /* Player.swift in Sources */ = {isa = PBXBuildFile; fileRef = D7FC262B225BD891009EA32D /* Player.swift */; };
		D7FC262E225BFDB0009EA32D /* GoogleService-Info.plist in Resources */ = {isa = PBXBuildFile; fileRef = D7FC262D225BFDB0009EA32D /* GoogleService-Info.plist */; };
		D7FD37DC22666D180043A8D4 /* PlayersWaitingTableView.swift in Sources */ = {isa = PBXBuildFile; fileRef = D7FD37DB22666D180043A8D4 /* PlayersWaitingTableView.swift */; };
		D7FD37E02267C9A30043A8D4 /* WaitingScreenViewController.swift in Sources */ = {isa = PBXBuildFile; fileRef = D7FD37DF2267C9A30043A8D4 /* WaitingScreenViewController.swift */; };
		D7FF08E6228FB8C800C1ED43 /* GameSessionViewController.swift in Sources */ = {isa = PBXBuildFile; fileRef = D7FF08E5228FB8C800C1ED43 /* GameSessionViewController.swift */; };
		D7FF08E8228FB95F00C1ED43 /* LocationsTableView.swift in Sources */ = {isa = PBXBuildFile; fileRef = D7FF08E7228FB95F00C1ED43 /* LocationsTableView.swift */; };
		D7FF08EA228FB98600C1ED43 /* UsernameTableView.swift in Sources */ = {isa = PBXBuildFile; fileRef = D7FF08E9228FB98600C1ED43 /* UsernameTableView.swift */; };
/* End PBXBuildFile section */

/* Begin PBXFileReference section */
		01D48E87E8B1E8C04083D140 /* Pods-spyfall.debug.xcconfig */ = {isa = PBXFileReference; includeInIndex = 1; lastKnownFileType = text.xcconfig; name = "Pods-spyfall.debug.xcconfig"; path = "Target Support Files/Pods-spyfall/Pods-spyfall.debug.xcconfig"; sourceTree = "<group>"; };
		98DED611AE68AC0D90185B6E /* Pods_spyfall.framework */ = {isa = PBXFileReference; explicitFileType = wrapper.framework; includeInIndex = 0; path = Pods_spyfall.framework; sourceTree = BUILT_PRODUCTS_DIR; };
		D7030EDB22B9D0CC002CB9B2 /* NewGameView.swift */ = {isa = PBXFileReference; lastKnownFileType = sourcecode.swift; path = NewGameView.swift; sourceTree = "<group>"; };
		D7030EDD22B9D965002CB9B2 /* JoinGameView.swift */ = {isa = PBXFileReference; lastKnownFileType = sourcecode.swift; path = JoinGameView.swift; sourceTree = "<group>"; };
		D7030EDF22BA85D8002CB9B2 /* NetworkManager.swift */ = {isa = PBXFileReference; lastKnownFileType = sourcecode.swift; path = NetworkManager.swift; sourceTree = "<group>"; };
		D706255E22586D3800A80B76 /* spyfall.app */ = {isa = PBXFileReference; explicitFileType = wrapper.application; includeInIndex = 0; path = spyfall.app; sourceTree = BUILT_PRODUCTS_DIR; };
		D706256122586D3800A80B76 /* AppDelegate.swift */ = {isa = PBXFileReference; lastKnownFileType = sourcecode.swift; path = AppDelegate.swift; sourceTree = "<group>"; };
		D706256822586D3900A80B76 /* Assets.xcassets */ = {isa = PBXFileReference; lastKnownFileType = folder.assetcatalog; path = Assets.xcassets; sourceTree = "<group>"; };
		D706256B22586D3900A80B76 /* Base */ = {isa = PBXFileReference; lastKnownFileType = file.storyboard; name = Base; path = Base.lproj/LaunchScreen.storyboard; sourceTree = "<group>"; };
		D706256D22586D3900A80B76 /* Info.plist */ = {isa = PBXFileReference; lastKnownFileType = text.plist.xml; path = Info.plist; sourceTree = "<group>"; };
		D706257322586D4F00A80B76 /* Main.storyboard */ = {isa = PBXFileReference; lastKnownFileType = file.storyboard; path = Main.storyboard; sourceTree = "<group>"; };
		D706257722586DBC00A80B76 /* HomeController.swift */ = {isa = PBXFileReference; lastKnownFileType = sourcecode.swift; path = HomeController.swift; sourceTree = "<group>"; };
		D706257A225B87E600A80B76 /* NewGameController.swift */ = {isa = PBXFileReference; lastKnownFileType = sourcecode.swift; path = NewGameController.swift; sourceTree = "<group>"; };
		D726325E228CD60900E385E8 /* JoinGameController.swift */ = {isa = PBXFileReference; lastKnownFileType = sourcecode.swift; path = JoinGameController.swift; sourceTree = "<group>"; };
		D7798B0E22B86766006D7615 /* CreateAlertController.swift */ = {isa = PBXFileReference; lastKnownFileType = sourcecode.swift; path = CreateAlertController.swift; sourceTree = "<group>"; };
		D7798B1122B8684E006D7615 /* UIColor.swift */ = {isa = PBXFileReference; lastKnownFileType = sourcecode.swift; path = UIColor.swift; sourceTree = "<group>"; };
		D7798B1422B8694F006D7615 /* Constraints.swift */ = {isa = PBXFileReference; lastKnownFileType = sourcecode.swift; path = Constraints.swift; sourceTree = "<group>"; };
		D7798B1722B869AC006D7615 /* UIElementSizes.swift */ = {isa = PBXFileReference; lastKnownFileType = sourcecode.swift; path = UIElementSizes.swift; sourceTree = "<group>"; };
		D7798B1922B86A43006D7615 /* HomeView.swift */ = {isa = PBXFileReference; lastKnownFileType = sourcecode.swift; path = HomeView.swift; sourceTree = "<group>"; };
		D7798B1B22B86E03006D7615 /* UIElementsManager.swift */ = {isa = PBXFileReference; lastKnownFileType = sourcecode.swift; path = UIElementsManager.swift; sourceTree = "<group>"; };
		D7F9C6B922654A7400163179 /* CheckBox.swift */ = {isa = PBXFileReference; lastKnownFileType = sourcecode.swift; path = CheckBox.swift; sourceTree = "<group>"; };
		D7FC262B225BD891009EA32D /* Player.swift */ = {isa = PBXFileReference; lastKnownFileType = sourcecode.swift; path = Player.swift; sourceTree = "<group>"; };
		D7FC262D225BFDB0009EA32D /* GoogleService-Info.plist */ = {isa = PBXFileReference; fileEncoding = 4; lastKnownFileType = text.plist.xml; path = "GoogleService-Info.plist"; sourceTree = "<group>"; };
		D7FD37DB22666D180043A8D4 /* PlayersWaitingTableView.swift */ = {isa = PBXFileReference; lastKnownFileType = sourcecode.swift; path = PlayersWaitingTableView.swift; sourceTree = "<group>"; };
		D7FD37DF2267C9A30043A8D4 /* WaitingScreenViewController.swift */ = {isa = PBXFileReference; lastKnownFileType = sourcecode.swift; path = WaitingScreenViewController.swift; sourceTree = "<group>"; };
		D7FF08E5228FB8C800C1ED43 /* GameSessionViewController.swift */ = {isa = PBXFileReference; lastKnownFileType = sourcecode.swift; path = GameSessionViewController.swift; sourceTree = "<group>"; };
		D7FF08E7228FB95F00C1ED43 /* LocationsTableView.swift */ = {isa = PBXFileReference; lastKnownFileType = sourcecode.swift; path = LocationsTableView.swift; sourceTree = "<group>"; };
		D7FF08E9228FB98600C1ED43 /* UsernameTableView.swift */ = {isa = PBXFileReference; lastKnownFileType = sourcecode.swift; path = UsernameTableView.swift; sourceTree = "<group>"; };
		DDAF57F132F329FCB6CBFE96 /* Pods-spyfall.release.xcconfig */ = {isa = PBXFileReference; includeInIndex = 1; lastKnownFileType = text.xcconfig; name = "Pods-spyfall.release.xcconfig"; path = "Target Support Files/Pods-spyfall/Pods-spyfall.release.xcconfig"; sourceTree = "<group>"; };
/* End PBXFileReference section */

/* Begin PBXFrameworksBuildPhase section */
		D706255B22586D3800A80B76 /* Frameworks */ = {
			isa = PBXFrameworksBuildPhase;
			buildActionMask = 2147483647;
			files = (
				8CBE28324837C172579739E8 /* Pods_spyfall.framework in Frameworks */,
			);
			runOnlyForDeploymentPostprocessing = 0;
		};
/* End PBXFrameworksBuildPhase section */

/* Begin PBXGroup section */
		601F979B90D37F94FA61C43B /* Pods */ = {
			isa = PBXGroup;
			children = (
				01D48E87E8B1E8C04083D140 /* Pods-spyfall.debug.xcconfig */,
				DDAF57F132F329FCB6CBFE96 /* Pods-spyfall.release.xcconfig */,
			);
			path = Pods;
			sourceTree = "<group>";
		};
		6EB091D4AF577916501AC5CD /* Frameworks */ = {
			isa = PBXGroup;
			children = (
				98DED611AE68AC0D90185B6E /* Pods_spyfall.framework */,
			);
			name = Frameworks;
			sourceTree = "<group>";
		};
		D706255522586D3800A80B76 = {
			isa = PBXGroup;
			children = (
				D706256022586D3800A80B76 /* spyfall */,
				D706255F22586D3800A80B76 /* Products */,
				601F979B90D37F94FA61C43B /* Pods */,
				6EB091D4AF577916501AC5CD /* Frameworks */,
			);
			sourceTree = "<group>";
		};
		D706255F22586D3800A80B76 /* Products */ = {
			isa = PBXGroup;
			children = (
				D706255E22586D3800A80B76 /* spyfall.app */,
			);
			name = Products;
			sourceTree = "<group>";
		};
		D706256022586D3800A80B76 /* spyfall */ = {
			isa = PBXGroup;
			children = (
				D706257322586D4F00A80B76 /* Main.storyboard */,
				D706256122586D3800A80B76 /* AppDelegate.swift */,
				D7798B0D22B866E5006D7615 /* Custom Managers */,
				D7798B1022B86831006D7615 /* Extensions */,
				D7FDF39D22ADAA9D00A65BCD /* Models */,
				D706257622586D9500A80B76 /* Home */,
				D7062579225B87B700A80B76 /* New Game */,
				D7FD37D5226660C60043A8D4 /* Waiting Screen */,
				D726325D228CD5B900E385E8 /* Join Game */,
				D7FF08E4228FB86A00C1ED43 /* Game Session */,
				D706256A22586D3900A80B76 /* LaunchScreen.storyboard */,
				D706256822586D3900A80B76 /* Assets.xcassets */,
				D706256D22586D3900A80B76 /* Info.plist */,
				D7FC262D225BFDB0009EA32D /* GoogleService-Info.plist */,
			);
			path = spyfall;
			sourceTree = "<group>";
		};
		D706257622586D9500A80B76 /* Home */ = {
			isa = PBXGroup;
			children = (
				D706257722586DBC00A80B76 /* HomeController.swift */,
				D7798B1922B86A43006D7615 /* HomeView.swift */,
			);
			path = Home;
			sourceTree = "<group>";
		};
		D7062579225B87B700A80B76 /* New Game */ = {
			isa = PBXGroup;
			children = (
				D706257A225B87E600A80B76 /* NewGameController.swift */,
				D7030EDB22B9D0CC002CB9B2 /* NewGameView.swift */,
			);
			path = "New Game";
			sourceTree = "<group>";
		};
		D726325D228CD5B900E385E8 /* Join Game */ = {
			isa = PBXGroup;
			children = (
				D726325E228CD60900E385E8 /* JoinGameController.swift */,
				D7030EDD22B9D965002CB9B2 /* JoinGameView.swift */,
			);
			path = "Join Game";
			sourceTree = "<group>";
		};
		D7798B0D22B866E5006D7615 /* Custom Managers */ = {
			isa = PBXGroup;
			children = (
				D7030EDF22BA85D8002CB9B2 /* NetworkManager.swift */,
				D7798B1722B869AC006D7615 /* UIElementSizes.swift */,
				D7798B1B22B86E03006D7615 /* UIElementsManager.swift */,
				D7798B0E22B86766006D7615 /* CreateAlertController.swift */,
				D7798B1422B8694F006D7615 /* Constraints.swift */,
				D7F9C6B922654A7400163179 /* CheckBox.swift */,
			);
			path = "Custom Managers";
			sourceTree = "<group>";
		};
		D7798B1022B86831006D7615 /* Extensions */ = {
			isa = PBXGroup;
			children = (
				D7798B1122B8684E006D7615 /* UIColor.swift */,
			);
			path = Extensions;
			sourceTree = "<group>";
		};
		D7FD37D5226660C60043A8D4 /* Waiting Screen */ = {
			isa = PBXGroup;
			children = (
				D7FD37DF2267C9A30043A8D4 /* WaitingScreenViewController.swift */,
				D7FD37DB22666D180043A8D4 /* PlayersWaitingTableView.swift */,
			);
			path = "Waiting Screen";
			sourceTree = "<group>";
		};
		D7FDF39D22ADAA9D00A65BCD /* Models */ = {
			isa = PBXGroup;
			children = (
				D7FC262B225BD891009EA32D /* Player.swift */,
			);
			path = Models;
			sourceTree = "<group>";
		};
		D7FF08E4228FB86A00C1ED43 /* Game Session */ = {
			isa = PBXGroup;
			children = (
				D7FF08E5228FB8C800C1ED43 /* GameSessionViewController.swift */,
				D7FF08E9228FB98600C1ED43 /* UsernameTableView.swift */,
				D7FF08E7228FB95F00C1ED43 /* LocationsTableView.swift */,
			);
			path = "Game Session";
			sourceTree = "<group>";
		};
/* End PBXGroup section */

/* Begin PBXNativeTarget section */
		D706255D22586D3800A80B76 /* spyfall */ = {
			isa = PBXNativeTarget;
			buildConfigurationList = D706257022586D3900A80B76 /* Build configuration list for PBXNativeTarget "spyfall" */;
			buildPhases = (
				93EDDD3C9AAC3F25F2F5BCBF /* [CP] Check Pods Manifest.lock */,
				D706255A22586D3800A80B76 /* Sources */,
				D706255B22586D3800A80B76 /* Frameworks */,
				D706255C22586D3800A80B76 /* Resources */,
				485004464644426125DDAD50 /* [CP] Embed Pods Frameworks */,
			);
			buildRules = (
			);
			dependencies = (
			);
			name = spyfall;
			productName = spyfall;
			productReference = D706255E22586D3800A80B76 /* spyfall.app */;
			productType = "com.apple.product-type.application";
		};
/* End PBXNativeTarget section */

/* Begin PBXProject section */
		D706255622586D3800A80B76 /* Project object */ = {
			isa = PBXProject;
			attributes = {
				LastSwiftUpdateCheck = 1020;
				LastUpgradeCheck = 1020;
				ORGANIZATIONNAME = "Josiah Rininger";
				TargetAttributes = {
					D706255D22586D3800A80B76 = {
						CreatedOnToolsVersion = 10.2;
					};
				};
			};
			buildConfigurationList = D706255922586D3800A80B76 /* Build configuration list for PBXProject "spyfall" */;
			compatibilityVersion = "Xcode 9.3";
			developmentRegion = en;
			hasScannedForEncodings = 0;
			knownRegions = (
				en,
				Base,
			);
			mainGroup = D706255522586D3800A80B76;
			productRefGroup = D706255F22586D3800A80B76 /* Products */;
			projectDirPath = "";
			projectRoot = "";
			targets = (
				D706255D22586D3800A80B76 /* spyfall */,
			);
		};
/* End PBXProject section */

/* Begin PBXResourcesBuildPhase section */
		D706255C22586D3800A80B76 /* Resources */ = {
			isa = PBXResourcesBuildPhase;
			buildActionMask = 2147483647;
			files = (
				D706257422586D4F00A80B76 /* Main.storyboard in Resources */,
				D706256C22586D3900A80B76 /* LaunchScreen.storyboard in Resources */,
				D7FC262E225BFDB0009EA32D /* GoogleService-Info.plist in Resources */,
				D706256922586D3900A80B76 /* Assets.xcassets in Resources */,
			);
			runOnlyForDeploymentPostprocessing = 0;
		};
/* End PBXResourcesBuildPhase section */

/* Begin PBXShellScriptBuildPhase section */
		485004464644426125DDAD50 /* [CP] Embed Pods Frameworks */ = {
			isa = PBXShellScriptBuildPhase;
			buildActionMask = 2147483647;
			files = (
			);
			inputFileListPaths = (
			);
			inputPaths = (
				"${PODS_ROOT}/Target Support Files/Pods-spyfall/Pods-spyfall-frameworks.sh",
				"${BUILT_PRODUCTS_DIR}/BoringSSL-GRPC/openssl_grpc.framework",
				"${BUILT_PRODUCTS_DIR}/GoogleUtilities/GoogleUtilities.framework",
				"${BUILT_PRODUCTS_DIR}/Protobuf/Protobuf.framework",
				"${BUILT_PRODUCTS_DIR}/gRPC-C++/grpcpp.framework",
				"${BUILT_PRODUCTS_DIR}/gRPC-Core/grpc.framework",
				"${BUILT_PRODUCTS_DIR}/leveldb-library/leveldb.framework",
				"${BUILT_PRODUCTS_DIR}/nanopb/nanopb.framework",
			);
			name = "[CP] Embed Pods Frameworks";
			outputFileListPaths = (
			);
			outputPaths = (
				"${TARGET_BUILD_DIR}/${FRAMEWORKS_FOLDER_PATH}/openssl_grpc.framework",
				"${TARGET_BUILD_DIR}/${FRAMEWORKS_FOLDER_PATH}/GoogleUtilities.framework",
				"${TARGET_BUILD_DIR}/${FRAMEWORKS_FOLDER_PATH}/Protobuf.framework",
				"${TARGET_BUILD_DIR}/${FRAMEWORKS_FOLDER_PATH}/grpcpp.framework",
				"${TARGET_BUILD_DIR}/${FRAMEWORKS_FOLDER_PATH}/grpc.framework",
				"${TARGET_BUILD_DIR}/${FRAMEWORKS_FOLDER_PATH}/leveldb.framework",
				"${TARGET_BUILD_DIR}/${FRAMEWORKS_FOLDER_PATH}/nanopb.framework",
			);
			runOnlyForDeploymentPostprocessing = 0;
			shellPath = /bin/sh;
			shellScript = "\"${PODS_ROOT}/Target Support Files/Pods-spyfall/Pods-spyfall-frameworks.sh\"\n";
			showEnvVarsInLog = 0;
		};
		93EDDD3C9AAC3F25F2F5BCBF /* [CP] Check Pods Manifest.lock */ = {
			isa = PBXShellScriptBuildPhase;
			buildActionMask = 2147483647;
			files = (
			);
			inputFileListPaths = (
			);
			inputPaths = (
				"${PODS_PODFILE_DIR_PATH}/Podfile.lock",
				"${PODS_ROOT}/Manifest.lock",
			);
			name = "[CP] Check Pods Manifest.lock";
			outputFileListPaths = (
			);
			outputPaths = (
				"$(DERIVED_FILE_DIR)/Pods-spyfall-checkManifestLockResult.txt",
			);
			runOnlyForDeploymentPostprocessing = 0;
			shellPath = /bin/sh;
			shellScript = "diff \"${PODS_PODFILE_DIR_PATH}/Podfile.lock\" \"${PODS_ROOT}/Manifest.lock\" > /dev/null\nif [ $? != 0 ] ; then\n    # print error to STDERR\n    echo \"error: The sandbox is not in sync with the Podfile.lock. Run 'pod install' or update your CocoaPods installation.\" >&2\n    exit 1\nfi\n# This output is used by Xcode 'outputs' to avoid re-running this script phase.\necho \"SUCCESS\" > \"${SCRIPT_OUTPUT_FILE_0}\"\n";
			showEnvVarsInLog = 0;
		};
/* End PBXShellScriptBuildPhase section */

/* Begin PBXSourcesBuildPhase section */
		D706255A22586D3800A80B76 /* Sources */ = {
			isa = PBXSourcesBuildPhase;
			buildActionMask = 2147483647;
			files = (
				D726325F228CD60900E385E8 /* JoinGameController.swift in Sources */,
				D706256222586D3800A80B76 /* AppDelegate.swift in Sources */,
				D7798B0F22B86766006D7615 /* CreateAlertController.swift in Sources */,
				D7FD37DC22666D180043A8D4 /* PlayersWaitingTableView.swift in Sources */,
				D706257822586DBC00A80B76 /* HomeController.swift in Sources */,
				D7030EDC22B9D0CC002CB9B2 /* NewGameView.swift in Sources */,
				D706257B225B87E600A80B76 /* NewGameController.swift in Sources */,
				D7FF08EA228FB98600C1ED43 /* UsernameTableView.swift in Sources */,
				D7FC262C225BD891009EA32D /* Player.swift in Sources */,
				D7030EDE22B9D965002CB9B2 /* JoinGameView.swift in Sources */,
				D7798B1522B8694F006D7615 /* Constraints.swift in Sources */,
				D7FF08E6228FB8C800C1ED43 /* GameSessionViewController.swift in Sources */,
				D7030EE022BA85D8002CB9B2 /* NetworkManager.swift in Sources */,
				D7798B1222B8684E006D7615 /* UIColor.swift in Sources */,
				D7F9C6BA22654A7400163179 /* CheckBox.swift in Sources */,
				D7FF08E8228FB95F00C1ED43 /* LocationsTableView.swift in Sources */,
				D7798B1A22B86A43006D7615 /* HomeView.swift in Sources */,
				D7FD37E02267C9A30043A8D4 /* WaitingScreenViewController.swift in Sources */,
				D7798B1C22B86E03006D7615 /* UIElementsManager.swift in Sources */,
				D7798B1822B869AC006D7615 /* UIElementSizes.swift in Sources */,
			);
			runOnlyForDeploymentPostprocessing = 0;
		};
/* End PBXSourcesBuildPhase section */

/* Begin PBXVariantGroup section */
		D706256A22586D3900A80B76 /* LaunchScreen.storyboard */ = {
			isa = PBXVariantGroup;
			children = (
				D706256B22586D3900A80B76 /* Base */,
			);
			name = LaunchScreen.storyboard;
			sourceTree = "<group>";
		};
/* End PBXVariantGroup section */

/* Begin XCBuildConfiguration section */
		D706256E22586D3900A80B76 /* Debug */ = {
			isa = XCBuildConfiguration;
			buildSettings = {
				ALWAYS_SEARCH_USER_PATHS = NO;
				CLANG_ANALYZER_NONNULL = YES;
				CLANG_ANALYZER_NUMBER_OBJECT_CONVERSION = YES_AGGRESSIVE;
				CLANG_CXX_LANGUAGE_STANDARD = "gnu++14";
				CLANG_CXX_LIBRARY = "libc++";
				CLANG_ENABLE_MODULES = YES;
				CLANG_ENABLE_OBJC_ARC = YES;
				CLANG_ENABLE_OBJC_WEAK = YES;
				CLANG_WARN_BLOCK_CAPTURE_AUTORELEASING = YES;
				CLANG_WARN_BOOL_CONVERSION = YES;
				CLANG_WARN_COMMA = YES;
				CLANG_WARN_CONSTANT_CONVERSION = YES;
				CLANG_WARN_DEPRECATED_OBJC_IMPLEMENTATIONS = YES;
				CLANG_WARN_DIRECT_OBJC_ISA_USAGE = YES_ERROR;
				CLANG_WARN_DOCUMENTATION_COMMENTS = YES;
				CLANG_WARN_EMPTY_BODY = YES;
				CLANG_WARN_ENUM_CONVERSION = YES;
				CLANG_WARN_INFINITE_RECURSION = YES;
				CLANG_WARN_INT_CONVERSION = YES;
				CLANG_WARN_NON_LITERAL_NULL_CONVERSION = YES;
				CLANG_WARN_OBJC_IMPLICIT_RETAIN_SELF = YES;
				CLANG_WARN_OBJC_LITERAL_CONVERSION = YES;
				CLANG_WARN_OBJC_ROOT_CLASS = YES_ERROR;
				CLANG_WARN_RANGE_LOOP_ANALYSIS = YES;
				CLANG_WARN_STRICT_PROTOTYPES = YES;
				CLANG_WARN_SUSPICIOUS_MOVE = YES;
				CLANG_WARN_UNGUARDED_AVAILABILITY = YES_AGGRESSIVE;
				CLANG_WARN_UNREACHABLE_CODE = YES;
				CLANG_WARN__DUPLICATE_METHOD_MATCH = YES;
				CODE_SIGN_IDENTITY = "iPhone Developer";
				COPY_PHASE_STRIP = NO;
				DEBUG_INFORMATION_FORMAT = dwarf;
				ENABLE_STRICT_OBJC_MSGSEND = YES;
				ENABLE_TESTABILITY = YES;
				GCC_C_LANGUAGE_STANDARD = gnu11;
				GCC_DYNAMIC_NO_PIC = NO;
				GCC_NO_COMMON_BLOCKS = YES;
				GCC_OPTIMIZATION_LEVEL = 0;
				GCC_PREPROCESSOR_DEFINITIONS = (
					"DEBUG=1",
					"$(inherited)",
				);
				GCC_WARN_64_TO_32_BIT_CONVERSION = YES;
				GCC_WARN_ABOUT_RETURN_TYPE = YES_ERROR;
				GCC_WARN_UNDECLARED_SELECTOR = YES;
				GCC_WARN_UNINITIALIZED_AUTOS = YES_AGGRESSIVE;
				GCC_WARN_UNUSED_FUNCTION = YES;
				GCC_WARN_UNUSED_VARIABLE = YES;
				IPHONEOS_DEPLOYMENT_TARGET = 12.2;
				MTL_ENABLE_DEBUG_INFO = INCLUDE_SOURCE;
				MTL_FAST_MATH = YES;
				ONLY_ACTIVE_ARCH = YES;
				SDKROOT = iphoneos;
				SWIFT_ACTIVE_COMPILATION_CONDITIONS = DEBUG;
				SWIFT_OPTIMIZATION_LEVEL = "-Onone";
			};
			name = Debug;
		};
		D706256F22586D3900A80B76 /* Release */ = {
			isa = XCBuildConfiguration;
			buildSettings = {
				ALWAYS_SEARCH_USER_PATHS = NO;
				CLANG_ANALYZER_NONNULL = YES;
				CLANG_ANALYZER_NUMBER_OBJECT_CONVERSION = YES_AGGRESSIVE;
				CLANG_CXX_LANGUAGE_STANDARD = "gnu++14";
				CLANG_CXX_LIBRARY = "libc++";
				CLANG_ENABLE_MODULES = YES;
				CLANG_ENABLE_OBJC_ARC = YES;
				CLANG_ENABLE_OBJC_WEAK = YES;
				CLANG_WARN_BLOCK_CAPTURE_AUTORELEASING = YES;
				CLANG_WARN_BOOL_CONVERSION = YES;
				CLANG_WARN_COMMA = YES;
				CLANG_WARN_CONSTANT_CONVERSION = YES;
				CLANG_WARN_DEPRECATED_OBJC_IMPLEMENTATIONS = YES;
				CLANG_WARN_DIRECT_OBJC_ISA_USAGE = YES_ERROR;
				CLANG_WARN_DOCUMENTATION_COMMENTS = YES;
				CLANG_WARN_EMPTY_BODY = YES;
				CLANG_WARN_ENUM_CONVERSION = YES;
				CLANG_WARN_INFINITE_RECURSION = YES;
				CLANG_WARN_INT_CONVERSION = YES;
				CLANG_WARN_NON_LITERAL_NULL_CONVERSION = YES;
				CLANG_WARN_OBJC_IMPLICIT_RETAIN_SELF = YES;
				CLANG_WARN_OBJC_LITERAL_CONVERSION = YES;
				CLANG_WARN_OBJC_ROOT_CLASS = YES_ERROR;
				CLANG_WARN_RANGE_LOOP_ANALYSIS = YES;
				CLANG_WARN_STRICT_PROTOTYPES = YES;
				CLANG_WARN_SUSPICIOUS_MOVE = YES;
				CLANG_WARN_UNGUARDED_AVAILABILITY = YES_AGGRESSIVE;
				CLANG_WARN_UNREACHABLE_CODE = YES;
				CLANG_WARN__DUPLICATE_METHOD_MATCH = YES;
				CODE_SIGN_IDENTITY = "iPhone Developer";
				COPY_PHASE_STRIP = NO;
				DEBUG_INFORMATION_FORMAT = "dwarf-with-dsym";
				ENABLE_NS_ASSERTIONS = NO;
				ENABLE_STRICT_OBJC_MSGSEND = YES;
				GCC_C_LANGUAGE_STANDARD = gnu11;
				GCC_NO_COMMON_BLOCKS = YES;
				GCC_WARN_64_TO_32_BIT_CONVERSION = YES;
				GCC_WARN_ABOUT_RETURN_TYPE = YES_ERROR;
				GCC_WARN_UNDECLARED_SELECTOR = YES;
				GCC_WARN_UNINITIALIZED_AUTOS = YES_AGGRESSIVE;
				GCC_WARN_UNUSED_FUNCTION = YES;
				GCC_WARN_UNUSED_VARIABLE = YES;
				IPHONEOS_DEPLOYMENT_TARGET = 12.2;
				MTL_ENABLE_DEBUG_INFO = NO;
				MTL_FAST_MATH = YES;
				SDKROOT = iphoneos;
				SWIFT_COMPILATION_MODE = wholemodule;
				SWIFT_OPTIMIZATION_LEVEL = "-O";
				VALIDATE_PRODUCT = YES;
			};
			name = Release;
		};
		D706257122586D3900A80B76 /* Debug */ = {
			isa = XCBuildConfiguration;
			baseConfigurationReference = 01D48E87E8B1E8C04083D140 /* Pods-spyfall.debug.xcconfig */;
			buildSettings = {
				ASSETCATALOG_COMPILER_APPICON_NAME = AppIcon;
				CODE_SIGN_STYLE = Automatic;
				DEVELOPMENT_TEAM = BPW45ZHW4H;
				INFOPLIST_FILE = spyfall/Info.plist;
				LD_RUNPATH_SEARCH_PATHS = (
					"$(inherited)",
					"@executable_path/Frameworks",
				);
				PRODUCT_BUNDLE_IDENTIFIER = jdr.spyfall;
				PRODUCT_NAME = "$(TARGET_NAME)";
				SWIFT_VERSION = 5.0;
				TARGETED_DEVICE_FAMILY = "1,2";
			};
			name = Debug;
		};
		D706257222586D3900A80B76 /* Release */ = {
			isa = XCBuildConfiguration;
			baseConfigurationReference = DDAF57F132F329FCB6CBFE96 /* Pods-spyfall.release.xcconfig */;
			buildSettings = {
				ASSETCATALOG_COMPILER_APPICON_NAME = AppIcon;
				CODE_SIGN_STYLE = Automatic;
				DEVELOPMENT_TEAM = BPW45ZHW4H;
				INFOPLIST_FILE = spyfall/Info.plist;
				LD_RUNPATH_SEARCH_PATHS = (
					"$(inherited)",
					"@executable_path/Frameworks",
				);
				PRODUCT_BUNDLE_IDENTIFIER = jdr.spyfall;
				PRODUCT_NAME = "$(TARGET_NAME)";
				SWIFT_VERSION = 5.0;
				TARGETED_DEVICE_FAMILY = "1,2";
			};
			name = Release;
		};
/* End XCBuildConfiguration section */

/* Begin XCConfigurationList section */
		D706255922586D3800A80B76 /* Build configuration list for PBXProject "spyfall" */ = {
			isa = XCConfigurationList;
			buildConfigurations = (
				D706256E22586D3900A80B76 /* Debug */,
				D706256F22586D3900A80B76 /* Release */,
			);
			defaultConfigurationIsVisible = 0;
			defaultConfigurationName = Release;
		};
		D706257022586D3900A80B76 /* Build configuration list for PBXNativeTarget "spyfall" */ = {
			isa = XCConfigurationList;
			buildConfigurations = (
				D706257122586D3900A80B76 /* Debug */,
				D706257222586D3900A80B76 /* Release */,
			);
			defaultConfigurationIsVisible = 0;
			defaultConfigurationName = Release;
		};
/* End XCConfigurationList section */
	};
	rootObject = D706255622586D3800A80B76 /* Project object */;
}
